
Microsoft Visual Studio Solution File, Format Version 12.00
# Visual Studio Version 17
VisualStudioVersion = 17.8.34330.188
MinimumVisualStudioVersion = 10.0.40219.1
Project("{FAE04EC0-301F-11D3-BF4B-00C04F79EFBC}") = "OOP", "OOP\OOP.csproj", "{E8A65315-1C5E-4F1A-B6CA-2797F18B3659}"
EndProject
Project("{FAE04EC0-301F-11D3-BF4B-00C04F79EFBC}") = "Namespaces", "Namespaces\Namespaces.csproj", "{EF06168F-1B81-4628-85CD-ECC89B6FDD9B}"
EndProject
Project("{FAE04EC0-301F-11D3-BF4B-00C04F79EFBC}") = "Interface", "Interface\Interface.csproj", "{BC7D2E88-5582-4A46-A682-62FAF7EE86A6}"
EndProject
Project("{FAE04EC0-301F-11D3-BF4B-00C04F79EFBC}") = "Inheritance", "Inheritance\Inheritance.csproj", "{E6367ABD-0DC5-4E48-B1BE-F8BA3F80A325}"
EndProject
Project("{FAE04EC0-301F-11D3-BF4B-00C04F79EFBC}") = "Polymorphism", "Polymorphism\Polymorphism.csproj", "{F81B8FBB-7BB9-4222-9156-AA265CC0789F}"
EndProject
Global
	GlobalSection(SolutionConfigurationPlatforms) = preSolution
		Debug|Any CPU = Debug|Any CPU
		Release|Any CPU = Release|Any CPU
	EndGlobalSection
	GlobalSection(ProjectConfigurationPlatforms) = postSolution
		{E8A65315-1C5E-4F1A-B6CA-2797F18B3659}.Debug|Any CPU.ActiveCfg = Debug|Any CPU
		{E8A65315-1C5E-4F1A-B6CA-2797F18B3659}.Debug|Any CPU.Build.0 = Debug|Any CPU
		{E8A65315-1C5E-4F1A-B6CA-2797F18B3659}.Release|Any CPU.ActiveCfg = Release|Any CPU
		{E8A65315-1C5E-4F1A-B6CA-2797F18B3659}.Release|Any CPU.Build.0 = Release|Any CPU
		{EF06168F-1B81-4628-85CD-ECC89B6FDD9B}.Debug|Any CPU.ActiveCfg = Debug|Any CPU
		{EF06168F-1B81-4628-85CD-ECC89B6FDD9B}.Debug|Any CPU.Build.0 = Debug|Any CPU
		{EF06168F-1B81-4628-85CD-ECC89B6FDD9B}.Release|Any CPU.ActiveCfg = Release|Any CPU
		{EF06168F-1B81-4628-85CD-ECC89B6FDD9B}.Release|Any CPU.Build.0 = Release|Any CPU
		{BC7D2E88-5582-4A46-A682-62FAF7EE86A6}.Debug|Any CPU.ActiveCfg = Debug|Any CPU
		{BC7D2E88-5582-4A46-A682-62FAF7EE86A6}.Debug|Any CPU.Build.0 = Debug|Any CPU
		{BC7D2E88-5582-4A46-A682-62FAF7EE86A6}.Release|Any CPU.ActiveCfg = Release|Any CPU
		{BC7D2E88-5582-4A46-A682-62FAF7EE86A6}.Release|Any CPU.Build.0 = Release|Any CPU
		{E6367ABD-0DC5-4E48-B1BE-F8BA3F80A325}.Debug|Any CPU.ActiveCfg = Debug|Any CPU
		{E6367ABD-0DC5-4E48-B1BE-F8BA3F80A325}.Debug|Any CPU.Build.0 = Debug|Any CPU
		{E6367ABD-0DC5-4E48-B1BE-F8BA3F80A325}.Release|Any CPU.ActiveCfg = Release|Any CPU
		{E6367ABD-0DC5-4E48-B1BE-F8BA3F80A325}.Release|Any CPU.Build.0 = Release|Any CPU
		{F81B8FBB-7BB9-4222-9156-AA265CC0789F}.Debug|Any CPU.ActiveCfg = Debug|Any CPU
		{F81B8FBB-7BB9-4222-9156-AA265CC0789F}.Debug|Any CPU.Build.0 = Debug|Any CPU
		{F81B8FBB-7BB9-4222-9156-AA265CC0789F}.Release|Any CPU.ActiveCfg = Release|Any CPU
		{F81B8FBB-7BB9-4222-9156-AA265CC0789F}.Release|Any CPU.Build.0 = Release|Any CPU
	EndGlobalSection
	GlobalSection(SolutionProperties) = preSolution
		HideSolutionNode = FALSE
	EndGlobalSection
	GlobalSection(ExtensibilityGlobals) = postSolution
		SolutionGuid = {1F625079-7F08-45F6-8EEA-1338E552F77C}
	EndGlobalSection
EndGlobal
