
Microsoft Visual Studio Solution File, Format Version 12.00
# Visual Studio Version 17
VisualStudioVersion = 17.9.34728.123
MinimumVisualStudioVersion = 10.0.40219.1
Project("{FAE04EC0-301F-11D3-BF4B-00C04F79EFBC}") = "EmailValidation", "EmailValidation\EmailValidation.csproj", "{579D51BF-27B5-48E0-8A40-996F14595E31}"
EndProject
Global
	GlobalSection(SolutionConfigurationPlatforms) = preSolution
		Debug|Any CPU = Debug|Any CPU
		Release|Any CPU = Release|Any CPU
	EndGlobalSection
	GlobalSection(ProjectConfigurationPlatforms) = postSolution
		{579D51BF-27B5-48E0-8A40-996F14595E31}.Debug|Any CPU.ActiveCfg = Debug|Any CPU
		{579D51BF-27B5-48E0-8A40-996F14595E31}.Debug|Any CPU.Build.0 = Debug|Any CPU
		{579D51BF-27B5-48E0-8A40-996F14595E31}.Release|Any CPU.ActiveCfg = Release|Any CPU
		{579D51BF-27B5-48E0-8A40-996F14595E31}.Release|Any CPU.Build.0 = Release|Any CPU
	EndGlobalSection
	GlobalSection(SolutionProperties) = preSolution
		HideSolutionNode = FALSE
	EndGlobalSection
	GlobalSection(ExtensibilityGlobals) = postSolution
		SolutionGuid = {310E7848-4675-4EED-AF97-44C3581C2EEE}
	EndGlobalSection
EndGlobal
